
Microsoft Visual Studio Solution File, Format Version 12.00
# Visual Studio Version 17
VisualStudioVersion = 17.0.32112.339
MinimumVisualStudioVersion = 10.0.40219.1
Project("{FAE04EC0-301F-11D3-BF4B-00C04F79EFBC}") = "JsonPatch", "src\JsonPatch\JsonPatch.csproj", "{E602A320-C4BC-4DB8-8351-0C9DC6A4463C}"
EndProject
Project("{FAE04EC0-301F-11D3-BF4B-00C04F79EFBC}") = "JsonPatch.Tests", "src\JsonPatch.Tests\JsonPatch.Tests.csproj", "{A8B44F91-1FF1-41C6-A19B-40700D26AA15}"
EndProject
Project("{2150E333-8FDC-42A3-9474-1A3956D46DE8}") = "Solution Items", "Solution Items", "{DA195012-A5EE-40C1-A756-61CC28176086}"
	ProjectSection(SolutionItems) = preProject
		src\JsonPatch.nuspec = src\JsonPatch.nuspec
	EndProjectSection
EndProject
Project("{9A19103F-16F7-4668-BE54-9A1E7A4F7556}") = "JsonPatchCore", "src\JsonPatchCore\JsonPatchCore.csproj", "{85BC88B3-974A-47B7-9EBF-E6F9A908BD31}"
EndProject
Project("{9A19103F-16F7-4668-BE54-9A1E7A4F7556}") = "JsonPatch.Common", "JsonPatch.Common\JsonPatch.Common.csproj", "{577D7C0E-32D9-4C88-8C93-74794DAEC76C}"
EndProject
Project("{FAE04EC0-301F-11D3-BF4B-00C04F79EFBC}") = "JsonPatchCore.Tests.Api", "src\JsonPatchCore.Tests.Api\JsonPatchCore.Tests.Api.csproj", "{EF766789-277E-4DE9-AFD3-6F4C5170061D}"
EndProject
Global
	GlobalSection(SolutionConfigurationPlatforms) = preSolution
		Debug|Any CPU = Debug|Any CPU
		Release|Any CPU = Release|Any CPU
	EndGlobalSection
	GlobalSection(ProjectConfigurationPlatforms) = postSolution
		{E602A320-C4BC-4DB8-8351-0C9DC6A4463C}.Debug|Any CPU.ActiveCfg = Debug|Any CPU
		{E602A320-C4BC-4DB8-8351-0C9DC6A4463C}.Debug|Any CPU.Build.0 = Debug|Any CPU
		{E602A320-C4BC-4DB8-8351-0C9DC6A4463C}.Release|Any CPU.ActiveCfg = Release|Any CPU
		{E602A320-C4BC-4DB8-8351-0C9DC6A4463C}.Release|Any CPU.Build.0 = Release|Any CPU
		{A8B44F91-1FF1-41C6-A19B-40700D26AA15}.Debug|Any CPU.ActiveCfg = Debug|Any CPU
		{A8B44F91-1FF1-41C6-A19B-40700D26AA15}.Debug|Any CPU.Build.0 = Debug|Any CPU
		{A8B44F91-1FF1-41C6-A19B-40700D26AA15}.Release|Any CPU.ActiveCfg = Release|Any CPU
		{A8B44F91-1FF1-41C6-A19B-40700D26AA15}.Release|Any CPU.Build.0 = Release|Any CPU
		{85BC88B3-974A-47B7-9EBF-E6F9A908BD31}.Debug|Any CPU.ActiveCfg = Debug|Any CPU
		{85BC88B3-974A-47B7-9EBF-E6F9A908BD31}.Debug|Any CPU.Build.0 = Debug|Any CPU
		{85BC88B3-974A-47B7-9EBF-E6F9A908BD31}.Release|Any CPU.ActiveCfg = Release|Any CPU
		{85BC88B3-974A-47B7-9EBF-E6F9A908BD31}.Release|Any CPU.Build.0 = Release|Any CPU
		{577D7C0E-32D9-4C88-8C93-74794DAEC76C}.Debug|Any CPU.ActiveCfg = Debug|Any CPU
		{577D7C0E-32D9-4C88-8C93-74794DAEC76C}.Debug|Any CPU.Build.0 = Debug|Any CPU
		{577D7C0E-32D9-4C88-8C93-74794DAEC76C}.Release|Any CPU.ActiveCfg = Release|Any CPU
		{577D7C0E-32D9-4C88-8C93-74794DAEC76C}.Release|Any CPU.Build.0 = Release|Any CPU
		{EF766789-277E-4DE9-AFD3-6F4C5170061D}.Debug|Any CPU.ActiveCfg = Debug|Any CPU
		{EF766789-277E-4DE9-AFD3-6F4C5170061D}.Debug|Any CPU.Build.0 = Debug|Any CPU
		{EF766789-277E-4DE9-AFD3-6F4C5170061D}.Release|Any CPU.ActiveCfg = Release|Any CPU
		{EF766789-277E-4DE9-AFD3-6F4C5170061D}.Release|Any CPU.Build.0 = Release|Any CPU
	EndGlobalSection
	GlobalSection(SolutionProperties) = preSolution
		HideSolutionNode = FALSE
	EndGlobalSection
	GlobalSection(ExtensibilityGlobals) = postSolution
		SolutionGuid = {B5D5B09B-A34A-4703-B321-A4E5C9FEB814}
	EndGlobalSection
EndGlobal
